
Microsoft Visual Studio Solution File, Format Version 12.00
# Visual Studio Version 17
VisualStudioVersion = 17.6.33723.286
MinimumVisualStudioVersion = 10.0.40219.1
Project("{FAE04EC0-301F-11D3-BF4B-00C04F79EFBC}") = "AlgorithmsAndDataStructures_Final", "AlgorithmsAndDataStructures_Final\AlgorithmsAndDataStructures_Final.csproj", "{1B22C6C5-C8E2-4E2F-AD04-A6592DEC227B}"
EndProject
Global
	GlobalSection(SolutionConfigurationPlatforms) = preSolution
		Debug|Any CPU = Debug|Any CPU
		Release|Any CPU = Release|Any CPU
	EndGlobalSection
	GlobalSection(ProjectConfigurationPlatforms) = postSolution
		{1B22C6C5-C8E2-4E2F-AD04-A6592DEC227B}.Debug|Any CPU.ActiveCfg = Debug|Any CPU
		{1B22C6C5-C8E2-4E2F-AD04-A6592DEC227B}.Debug|Any CPU.Build.0 = Debug|Any CPU
		{1B22C6C5-C8E2-4E2F-AD04-A6592DEC227B}.Release|Any CPU.ActiveCfg = Release|Any CPU
		{1B22C6C5-C8E2-4E2F-AD04-A6592DEC227B}.Release|Any CPU.Build.0 = Release|Any CPU
	EndGlobalSection
	GlobalSection(SolutionProperties) = preSolution
		HideSolutionNode = FALSE
	EndGlobalSection
	GlobalSection(ExtensibilityGlobals) = postSolution
		SolutionGuid = {1E14B2AD-D677-4771-8A60-2D172B127AC9}
	EndGlobalSection
EndGlobal
